
Microsoft Visual Studio Solution File, Format Version 12.00
# Visual Studio Version 17
VisualStudioVersion = 17.6.33829.357
MinimumVisualStudioVersion = 10.0.40219.1
Project("{FAE04EC0-301F-11D3-BF4B-00C04F79EFBC}") = "SignalR.API", "SignalR.API\SignalR.API.csproj", "{C7F5205D-2508-4B4E-B3DF-87562521C7DD}"
EndProject
Global
	GlobalSection(SolutionConfigurationPlatforms) = preSolution
		Debug|Any CPU = Debug|Any CPU
		Release|Any CPU = Release|Any CPU
	EndGlobalSection
	GlobalSection(ProjectConfigurationPlatforms) = postSolution
		{C7F5205D-2508-4B4E-B3DF-87562521C7DD}.Debug|Any CPU.ActiveCfg = Debug|Any CPU
		{C7F5205D-2508-4B4E-B3DF-87562521C7DD}.Debug|Any CPU.Build.0 = Debug|Any CPU
		{C7F5205D-2508-4B4E-B3DF-87562521C7DD}.Release|Any CPU.ActiveCfg = Release|Any CPU
		{C7F5205D-2508-4B4E-B3DF-87562521C7DD}.Release|Any CPU.Build.0 = Release|Any CPU
	EndGlobalSection
	GlobalSection(SolutionProperties) = preSolution
		HideSolutionNode = FALSE
	EndGlobalSection
	GlobalSection(ExtensibilityGlobals) = postSolution
		SolutionGuid = {7892F13B-9BA1-4016-A8AA-2C67DB0E4F64}
	EndGlobalSection
EndGlobal
